
Microsoft Visual Studio Solution File, Format Version 12.00
# Visual Studio Version 17
VisualStudioVersion = 17.5.33502.453
MinimumVisualStudioVersion = 10.0.40219.1
Project("{9A19103F-16F7-4668-BE54-9A1E7A4F7556}") = "TerraMours_Gpt", "TerraMours\TerraMours_Gpt.csproj", "{F85C8C07-6E2E-4094-9C8C-31B66EADC44A}"
EndProject
Global
	GlobalSection(SolutionConfigurationPlatforms) = preSolution
		Debug|Any CPU = Debug|Any CPU
		Release|Any CPU = Release|Any CPU
	EndGlobalSection
	GlobalSection(ProjectConfigurationPlatforms) = postSolution
		{F85C8C07-6E2E-4094-9C8C-31B66EADC44A}.Debug|Any CPU.ActiveCfg = Debug|Any CPU
		{F85C8C07-6E2E-4094-9C8C-31B66EADC44A}.Debug|Any CPU.Build.0 = Debug|Any CPU
		{F85C8C07-6E2E-4094-9C8C-31B66EADC44A}.Release|Any CPU.ActiveCfg = Release|Any CPU
		{F85C8C07-6E2E-4094-9C8C-31B66EADC44A}.Release|Any CPU.Build.0 = Release|Any CPU
	EndGlobalSection
	GlobalSection(SolutionProperties) = preSolution
		HideSolutionNode = FALSE
	EndGlobalSection
	GlobalSection(ExtensibilityGlobals) = postSolution
		SolutionGuid = {1F48BC30-1840-4341-8901-19B816D192B1}
	EndGlobalSection
EndGlobal
